PODS:
  - Alamofire (4.9.1)
  - IQKeyboardManagerSwift (6.5.2)
  - KeychainSwift (17.0.0)
  - Moya (13.0.1):
    - Moya/Core (= 13.0.1)
  - Moya/Core (13.0.1):
    - Alamofire (~> 4.1)
    - Result (~> 4.1)
  - Nimble (7.3.4)
  - PromiseKit (6.11.0):
    - PromiseKit/CorePromise (= 6.11.0)
    - PromiseKit/Foundation (= 6.11.0)
    - PromiseKit/UIKit (= 6.11.0)
  - PromiseKit/CorePromise (6.11.0)
  - PromiseKit/Foundation (6.11.0):
    - PromiseKit/CorePromise
  - PromiseKit/UIKit (6.11.0):
    - PromiseKit/CorePromise
  - Quick (1.3.4)
  - Result (4.1.0)
  - SkyFloatingLabelTextField (3.7.0)
  - Sourcery (0.17.0)
  - SwiftyMocky (3.3.4):
    - SwiftyMocky/Core (= 3.3.4)
  - SwiftyMocky/Core (3.3.4):
    - Sourcery (>= 0.16)
  - Swinject (2.6.2)
  - SwinjectStoryboard (2.2.0):
    - Swinject (~> 2.6)

DEPENDENCIES:
  - IQKeyboardManagerSwift
  - KeychainSwift
  - Moya
  - Nimble (~> 7.0)
  - PromiseKit
  - Quick (~> 1.2)
  - SkyFloatingLabelTextField
  - SwiftyMocky (~> 3.0)
  - Swinject (~> 2.6.2)
  - SwinjectStoryboard (~> 2.2)

SPEC REPOS:
  trunk:
    - Alamofire
    - IQKeyboardManagerSwift
    - KeychainSwift
    - Moya
    - Nimble
    - PromiseKit
    - Quick
    - Result
    - SkyFloatingLabelTextField
    - Sourcery
    - SwiftyMocky
    - Swinject
    - SwinjectStoryboard

SPEC CHECKSUMS:
  Alamofire: 85e8a02c69d6020a0d734f6054870d7ecb75cf18
  IQKeyboardManagerSwift: c75366f1f19590e8caeae45fcd5815c9289d6099
  KeychainSwift: 9f43f562dffc88af6efadb57d74b14c598eb337f
  Moya: f4a4b80ff2f8a4ffc208dfb31cd91636622fee6e
  Nimble: 051e3d8912d40138fa5591c78594f95fb172af37
  PromiseKit: e4863d06976e7dee5e41c04fc7371c16b3600292
  Quick: f4f7f063c524394c73ed93ac70983c609805d481
  Result: bd966fac789cc6c1563440b348ab2598cc24d5c7
  SkyFloatingLabelTextField: 4b46db0ab1ccde0919cded29c656e6b4805eda04
  Sourcery: 3ed61be7c8a1218fce349266139379dba477efe0
  SwiftyMocky: 7e4e7088166c013559a26ccc8b8d6508c3730826
  Swinject: cf7458774b1b00323080a9c67e47a1ee7f9d2af1
  SwinjectStoryboard: 32512ef16c2b0ff5b8f823b23539c4a50f6d3383

PODFILE CHECKSUM: 6f45336b20ccdf0e489247889c3191a5bbc02d91

COCOAPODS: 1.8.4
