// !$*UTF8*$!
{
	archiveVersion = 1;
	classes = {
	};
	objectVersion = 51;
	objects = {

/* Begin PBXBuildFile section */
		78A375ED2366F5B500F45339 /* LoginPresenter.swift in Sources */ = {isa = PBXBuildFile; fileRef = 78A375EC2366F5B500F45339 /* LoginPresenter.swift */; };
		78A375EF2366F5EF00F45339 /* LoginInteractor.swift in Sources */ = {isa = PBXBuildFile; fileRef = 78A375EE2366F5EF00F45339 /* LoginInteractor.swift */; };
		78A375F42366F78A00F45339 /* LoginViewController.storyboard in Resources */ = {isa = PBXBuildFile; fileRef = 78A375F32366F78A00F45339 /* LoginViewController.storyboard */; };
		78A375F62366FB3E00F45339 /* LoginRouter.swift in Sources */ = {isa = PBXBuildFile; fileRef = 78A375F52366FB3E00F45339 /* LoginRouter.swift */; };
		78A375FD23670BDA00F45339 /* Router.swift in Sources */ = {isa = PBXBuildFile; fileRef = 78A375FC23670BDA00F45339 /* Router.swift */; };
		78C61D532366EAB70005B5A7 /* AppDelegate.swift in Sources */ = {isa = PBXBuildFile; fileRef = 78C61D522366EAB70005B5A7 /* AppDelegate.swift */; };
		78C61D552366EAB70005B5A7 /* SceneDelegate.swift in Sources */ = {isa = PBXBuildFile; fileRef = 78C61D542366EAB70005B5A7 /* SceneDelegate.swift */; };
		78C61D5C2366EAB80005B5A7 /* Assets.xcassets in Resources */ = {isa = PBXBuildFile; fileRef = 78C61D5B2366EAB80005B5A7 /* Assets.xcassets */; };
		78C61D5F2366EAB80005B5A7 /* LaunchScreen.storyboard in Resources */ = {isa = PBXBuildFile; fileRef = 78C61D5D2366EAB80005B5A7 /* LaunchScreen.storyboard */; };
		78C61D6A2366EAB80005B5A7 /* EkreaticeSnacksTests.swift in Sources */ = {isa = PBXBuildFile; fileRef = 78C61D692366EAB80005B5A7 /* EkreaticeSnacksTests.swift */; };
		78C61D772366EB340005B5A7 /* LoginViewController.swift in Sources */ = {isa = PBXBuildFile; fileRef = 78C61D762366EB340005B5A7 /* LoginViewController.swift */; };
		78C61D7D2366F21D0005B5A7 /* Injector.swift in Sources */ = {isa = PBXBuildFile; fileRef = 78C61D7C2366F21D0005B5A7 /* Injector.swift */; };
		78C61D7F2366F34C0005B5A7 /* UserInterfaceAssembly.swift in Sources */ = {isa = PBXBuildFile; fileRef = 78C61D7E2366F34C0005B5A7 /* UserInterfaceAssembly.swift */; };
		AE1F3A2EC26E86476F0DB485 /* Pods_EkreaticeSnacks.framework in Frameworks */ = {isa = PBXBuildFile; fileRef = 91F75B3F446AABAC79C6AD01 /* Pods_EkreaticeSnacks.framework */; };
		DCBFA9825B82573C3095B917 /* Pods_EkreaticeSnacksTests.framework in Frameworks */ = {isa = PBXBuildFile; fileRef = 4EF5EED8FA7E23EB05DC0C0B /* Pods_EkreaticeSnacksTests.framework */; };
		FA5D1B1323673E4C00BDA32E /* StoryboardLoadable+Extension.swift in Sources */ = {isa = PBXBuildFile; fileRef = FA5D1B1223673E4C00BDA32E /* StoryboardLoadable+Extension.swift */; };
		FA5D1B152367415300BDA32E /* ServiceAssembly.swift in Sources */ = {isa = PBXBuildFile; fileRef = FA5D1B142367415300BDA32E /* ServiceAssembly.swift */; };
/* End PBXBuildFile section */

/* Begin PBXContainerItemProxy section */
		78C61D662366EAB80005B5A7 /* PBXContainerItemProxy */ = {
			isa = PBXContainerItemProxy;
			containerPortal = 78C61D472366EAB70005B5A7 /* Project object */;
			proxyType = 1;
			remoteGlobalIDString = 78C61D4E2366EAB70005B5A7;
			remoteInfo = EkreaticeSnacks;
		};
/* End PBXContainerItemProxy section */

/* Begin PBXFileReference section */
		353A062E0B0A15D2344100BF /* Pods-EkreaticeSnacksTests.debug.xcconfig */ = {isa = PBXFileReference; includeInIndex = 1; lastKnownFileType = text.xcconfig; name = "Pods-EkreaticeSnacksTests.debug.xcconfig"; path = "Target Support Files/Pods-EkreaticeSnacksTests/Pods-EkreaticeSnacksTests.debug.xcconfig"; sourceTree = "<group>"; };
		4EF5EED8FA7E23EB05DC0C0B /* Pods_EkreaticeSnacksTests.framework */ = {isa = PBXFileReference; explicitFileType = wrapper.framework; includeInIndex = 0; path = Pods_EkreaticeSnacksTests.framework; sourceTree = BUILT_PRODUCTS_DIR; };
		50A42A651F695FF58E4005BF /* Pods-EkreaticeSnacks.release.xcconfig */ = {isa = PBXFileReference; includeInIndex = 1; lastKnownFileType = text.xcconfig; name = "Pods-EkreaticeSnacks.release.xcconfig"; path = "Target Support Files/Pods-EkreaticeSnacks/Pods-EkreaticeSnacks.release.xcconfig"; sourceTree = "<group>"; };
		78A375EC2366F5B500F45339 /* LoginPresenter.swift */ = {isa = PBXFileReference; lastKnownFileType = sourcecode.swift; path = LoginPresenter.swift; sourceTree = "<group>"; };
		78A375EE2366F5EF00F45339 /* LoginInteractor.swift */ = {isa = PBXFileReference; lastKnownFileType = sourcecode.swift; path = LoginInteractor.swift; sourceTree = "<group>"; };
		78A375F32366F78A00F45339 /* LoginViewController.storyboard */ = {isa = PBXFileReference; lastKnownFileType = file.storyboard; path = LoginViewController.storyboard; sourceTree = "<group>"; };
		78A375F52366FB3E00F45339 /* LoginRouter.swift */ = {isa = PBXFileReference; lastKnownFileType = sourcecode.swift; path = LoginRouter.swift; sourceTree = "<group>"; };
		78A375FC23670BDA00F45339 /* Router.swift */ = {isa = PBXFileReference; lastKnownFileType = sourcecode.swift; path = Router.swift; sourceTree = "<group>"; };
		78C61D4F2366EAB70005B5A7 /* EkreaticeSnacks.app */ = {isa = PBXFileReference; explicitFileType = wrapper.application; includeInIndex = 0; path = EkreaticeSnacks.app; sourceTree = BUILT_PRODUCTS_DIR; };
		78C61D522366EAB70005B5A7 /* AppDelegate.swift */ = {isa = PBXFileReference; lastKnownFileType = sourcecode.swift; path = AppDelegate.swift; sourceTree = "<group>"; };
		78C61D542366EAB70005B5A7 /* SceneDelegate.swift */ = {isa = PBXFileReference; lastKnownFileType = sourcecode.swift; path = SceneDelegate.swift; sourceTree = "<group>"; };
		78C61D5B2366EAB80005B5A7 /* Assets.xcassets */ = {isa = PBXFileReference; lastKnownFileType = folder.assetcatalog; path = Assets.xcassets; sourceTree = "<group>"; };
		78C61D5E2366EAB80005B5A7 /* Base */ = {isa = PBXFileReference; lastKnownFileType = file.storyboard; name = Base; path = Base.lproj/LaunchScreen.storyboard; sourceTree = "<group>"; };
		78C61D602366EAB80005B5A7 /* Info.plist */ = {isa = PBXFileReference; lastKnownFileType = text.plist.xml; path = Info.plist; sourceTree = "<group>"; };
		78C61D652366EAB80005B5A7 /* EkreaticeSnacksTests.xctest */ = {isa = PBXFileReference; explicitFileType = wrapper.cfbundle; includeInIndex = 0; path = EkreaticeSnacksTests.xctest; sourceTree = BUILT_PRODUCTS_DIR; };
		78C61D692366EAB80005B5A7 /* EkreaticeSnacksTests.swift */ = {isa = PBXFileReference; lastKnownFileType = sourcecode.swift; path = EkreaticeSnacksTests.swift; sourceTree = "<group>"; };
		78C61D6B2366EAB80005B5A7 /* Info.plist */ = {isa = PBXFileReference; lastKnownFileType = text.plist.xml; path = Info.plist; sourceTree = "<group>"; };
		78C61D762366EB340005B5A7 /* LoginViewController.swift */ = {isa = PBXFileReference; lastKnownFileType = sourcecode.swift; path = LoginViewController.swift; sourceTree = "<group>"; };
		78C61D7C2366F21D0005B5A7 /* Injector.swift */ = {isa = PBXFileReference; lastKnownFileType = sourcecode.swift; path = Injector.swift; sourceTree = "<group>"; };
		78C61D7E2366F34C0005B5A7 /* UserInterfaceAssembly.swift */ = {isa = PBXFileReference; lastKnownFileType = sourcecode.swift; path = UserInterfaceAssembly.swift; sourceTree = "<group>"; };
		91F75B3F446AABAC79C6AD01 /* Pods_EkreaticeSnacks.framework */ = {isa = PBXFileReference; explicitFileType = wrapper.framework; includeInIndex = 0; path = Pods_EkreaticeSnacks.framework; sourceTree = BUILT_PRODUCTS_DIR; };
		C7D406D3DB199FD88042A1E2 /* Pods-EkreaticeSnacksTests.release.xcconfig */ = {isa = PBXFileReference; includeInIndex = 1; lastKnownFileType = text.xcconfig; name = "Pods-EkreaticeSnacksTests.release.xcconfig"; path = "Target Support Files/Pods-EkreaticeSnacksTests/Pods-EkreaticeSnacksTests.release.xcconfig"; sourceTree = "<group>"; };
		E9B948C2859C32D7A415C4E8 /* Pods-EkreaticeSnacks.debug.xcconfig */ = {isa = PBXFileReference; includeInIndex = 1; lastKnownFileType = text.xcconfig; name = "Pods-EkreaticeSnacks.debug.xcconfig"; path = "Target Support Files/Pods-EkreaticeSnacks/Pods-EkreaticeSnacks.debug.xcconfig"; sourceTree = "<group>"; };
		FA5D1B1223673E4C00BDA32E /* StoryboardLoadable+Extension.swift */ = {isa = PBXFileReference; lastKnownFileType = sourcecode.swift; path = "StoryboardLoadable+Extension.swift"; sourceTree = "<group>"; };
		FA5D1B142367415300BDA32E /* ServiceAssembly.swift */ = {isa = PBXFileReference; lastKnownFileType = sourcecode.swift; path = ServiceAssembly.swift; sourceTree = "<group>"; };
/* End PBXFileReference section */

/* Begin PBXFrameworksBuildPhase section */
		78C61D4C2366EAB70005B5A7 /* Frameworks */ = {
			isa = PBXFrameworksBuildPhase;
			buildActionMask = 2147483647;
			files = (
				AE1F3A2EC26E86476F0DB485 /* Pods_EkreaticeSnacks.framework in Frameworks */,
			);
			runOnlyForDeploymentPostprocessing = 0;
		};
		78C61D622366EAB80005B5A7 /* Frameworks */ = {
			isa = PBXFrameworksBuildPhase;
			buildActionMask = 2147483647;
			files = (
				DCBFA9825B82573C3095B917 /* Pods_EkreaticeSnacksTests.framework in Frameworks */,
			);
			runOnlyForDeploymentPostprocessing = 0;
		};
/* End PBXFrameworksBuildPhase section */

/* Begin PBXGroup section */
		65032F43403B4D5A7A66D5B2 /* Frameworks */ = {
			isa = PBXGroup;
			children = (
				91F75B3F446AABAC79C6AD01 /* Pods_EkreaticeSnacks.framework */,
				4EF5EED8FA7E23EB05DC0C0B /* Pods_EkreaticeSnacksTests.framework */,
			);
			name = Frameworks;
			sourceTree = "<group>";
		};
		6C1CE205A6EE8100BF7CCCC4 /* Pods */ = {
			isa = PBXGroup;
			children = (
				E9B948C2859C32D7A415C4E8 /* Pods-EkreaticeSnacks.debug.xcconfig */,
				50A42A651F695FF58E4005BF /* Pods-EkreaticeSnacks.release.xcconfig */,
				353A062E0B0A15D2344100BF /* Pods-EkreaticeSnacksTests.debug.xcconfig */,
				C7D406D3DB199FD88042A1E2 /* Pods-EkreaticeSnacksTests.release.xcconfig */,
			);
			path = Pods;
			sourceTree = "<group>";
		};
		78A375F02366F71200F45339 /* API */ = {
			isa = PBXGroup;
			children = (
				78A375F12366F71900F45339 /* Network */,
			);
			path = API;
			sourceTree = "<group>";
		};
		78A375F12366F71900F45339 /* Network */ = {
			isa = PBXGroup;
			children = (
			);
			path = Network;
			sourceTree = "<group>";
		};
		78A375F22366F77400F45339 /* Interface */ = {
			isa = PBXGroup;
			children = (
				78A375F32366F78A00F45339 /* LoginViewController.storyboard */,
			);
			path = Interface;
			sourceTree = "<group>";
		};
		78A375F7236702FE00F45339 /* Library */ = {
			isa = PBXGroup;
			children = (
				78A375FB23670BC900F45339 /* Utilities */,
				78A375F82367037C00F45339 /* Extensions */,
			);
			path = Library;
			sourceTree = "<group>";
		};
		78A375F82367037C00F45339 /* Extensions */ = {
			isa = PBXGroup;
			children = (
				FA5D1B1123673E3800BDA32E /* UI */,
			);
			path = Extensions;
			sourceTree = "<group>";
		};
		78A375FB23670BC900F45339 /* Utilities */ = {
			isa = PBXGroup;
			children = (
				78A375FC23670BDA00F45339 /* Router.swift */,
			);
			path = Utilities;
			sourceTree = "<group>";
		};
		78C61D462366EAB70005B5A7 = {
			isa = PBXGroup;
			children = (
				78C61D512366EAB70005B5A7 /* EkreaticeSnacks */,
				78C61D682366EAB80005B5A7 /* EkreaticeSnacksTests */,
				78C61D502366EAB70005B5A7 /* Products */,
				6C1CE205A6EE8100BF7CCCC4 /* Pods */,
				65032F43403B4D5A7A66D5B2 /* Frameworks */,
			);
			sourceTree = "<group>";
		};
		78C61D502366EAB70005B5A7 /* Products */ = {
			isa = PBXGroup;
			children = (
				78C61D4F2366EAB70005B5A7 /* EkreaticeSnacks.app */,
				78C61D652366EAB80005B5A7 /* EkreaticeSnacksTests.xctest */,
			);
			name = Products;
			sourceTree = "<group>";
		};
		78C61D512366EAB70005B5A7 /* EkreaticeSnacks */ = {
			isa = PBXGroup;
			children = (
				78A375F7236702FE00F45339 /* Library */,
				78A375F02366F71200F45339 /* API */,
				78C61D7B2366EE350005B5A7 /* DI */,
				78C61D782366EC1E0005B5A7 /* Supporting Files */,
				78C61D742366EAFF0005B5A7 /* Scenes */,
			);
			path = EkreaticeSnacks;
			sourceTree = "<group>";
		};
		78C61D682366EAB80005B5A7 /* EkreaticeSnacksTests */ = {
			isa = PBXGroup;
			children = (
				78C61D692366EAB80005B5A7 /* EkreaticeSnacksTests.swift */,
				78C61D6B2366EAB80005B5A7 /* Info.plist */,
			);
			path = EkreaticeSnacksTests;
			sourceTree = "<group>";
		};
		78C61D742366EAFF0005B5A7 /* Scenes */ = {
			isa = PBXGroup;
			children = (
				78C61D752366EB090005B5A7 /* Login */,
			);
			path = Scenes;
			sourceTree = "<group>";
		};
		78C61D752366EB090005B5A7 /* Login */ = {
			isa = PBXGroup;
			children = (
				78A375F22366F77400F45339 /* Interface */,
				78C61D762366EB340005B5A7 /* LoginViewController.swift */,
				78A375EC2366F5B500F45339 /* LoginPresenter.swift */,
				78A375EE2366F5EF00F45339 /* LoginInteractor.swift */,
				78A375F52366FB3E00F45339 /* LoginRouter.swift */,
			);
			path = Login;
			sourceTree = "<group>";
		};
		78C61D782366EC1E0005B5A7 /* Supporting Files */ = {
			isa = PBXGroup;
			children = (
				78C61D7A2366EDCD0005B5A7 /* Delegates */,
				78C61D602366EAB80005B5A7 /* Info.plist */,
				78C61D5D2366EAB80005B5A7 /* LaunchScreen.storyboard */,
				78C61D792366ED8B0005B5A7 /* Assets */,
			);
			path = "Supporting Files";
			sourceTree = "<group>";
		};
		78C61D792366ED8B0005B5A7 /* Assets */ = {
			isa = PBXGroup;
			children = (
				78C61D5B2366EAB80005B5A7 /* Assets.xcassets */,
			);
			path = Assets;
			sourceTree = "<group>";
		};
		78C61D7A2366EDCD0005B5A7 /* Delegates */ = {
			isa = PBXGroup;
			children = (
				78C61D542366EAB70005B5A7 /* SceneDelegate.swift */,
				78C61D522366EAB70005B5A7 /* AppDelegate.swift */,
			);
			path = Delegates;
			sourceTree = "<group>";
		};
		78C61D7B2366EE350005B5A7 /* DI */ = {
			isa = PBXGroup;
			children = (
				78C61D7C2366F21D0005B5A7 /* Injector.swift */,
				78C61D7E2366F34C0005B5A7 /* UserInterfaceAssembly.swift */,
				FA5D1B142367415300BDA32E /* ServiceAssembly.swift */,
			);
			path = DI;
			sourceTree = "<group>";
		};
		FA5D1B1123673E3800BDA32E /* UI */ = {
			isa = PBXGroup;
			children = (
				FA5D1B1223673E4C00BDA32E /* StoryboardLoadable+Extension.swift */,
			);
			path = UI;
			sourceTree = "<group>";
		};
/* End PBXGroup section */

/* Begin PBXNativeTarget section */
		78C61D4E2366EAB70005B5A7 /* EkreaticeSnacks */ = {
			isa = PBXNativeTarget;
			buildConfigurationList = 78C61D6E2366EAB80005B5A7 /* Build configuration list for PBXNativeTarget "EkreaticeSnacks" */;
			buildPhases = (
				02FAFFF789BD06DDE451B75B /* [CP] Check Pods Manifest.lock */,
				78C61D4B2366EAB70005B5A7 /* Sources */,
				78C61D4C2366EAB70005B5A7 /* Frameworks */,
				78C61D4D2366EAB70005B5A7 /* Resources */,
				1E6D681106F06A8DE5FA982F /* [CP] Embed Pods Frameworks */,
			);
			buildRules = (
			);
			dependencies = (
			);
			name = EkreaticeSnacks;
			productName = EkreaticeSnacks;
			productReference = 78C61D4F2366EAB70005B5A7 /* EkreaticeSnacks.app */;
			productType = "com.apple.product-type.application";
		};
		78C61D642366EAB80005B5A7 /* EkreaticeSnacksTests */ = {
			isa = PBXNativeTarget;
			buildConfigurationList = 78C61D712366EAB80005B5A7 /* Build configuration list for PBXNativeTarget "EkreaticeSnacksTests" */;
			buildPhases = (
				66B82FDBC7FA8A68B3736558 /* [CP] Check Pods Manifest.lock */,
				78C61D612366EAB80005B5A7 /* Sources */,
				78C61D622366EAB80005B5A7 /* Frameworks */,
				78C61D632366EAB80005B5A7 /* Resources */,
			);
			buildRules = (
			);
			dependencies = (
				78C61D672366EAB80005B5A7 /* PBXTargetDependency */,
			);
			name = EkreaticeSnacksTests;
			productName = EkreaticeSnacksTests;
			productReference = 78C61D652366EAB80005B5A7 /* EkreaticeSnacksTests.xctest */;
			productType = "com.apple.product-type.bundle.unit-test";
		};
/* End PBXNativeTarget section */

/* Begin PBXProject section */
		78C61D472366EAB70005B5A7 /* Project object */ = {
			isa = PBXProject;
			attributes = {
				LastSwiftUpdateCheck = 1100;
				LastUpgradeCheck = 1100;
				ORGANIZATIONNAME = "Oleksand Atamanskyi";
				TargetAttributes = {
					78C61D4E2366EAB70005B5A7 = {
						CreatedOnToolsVersion = 11.0;
					};
					78C61D642366EAB80005B5A7 = {
						CreatedOnToolsVersion = 11.0;
						TestTargetID = 78C61D4E2366EAB70005B5A7;
					};
				};
			};
			buildConfigurationList = 78C61D4A2366EAB70005B5A7 /* Build configuration list for PBXProject "EkreaticeSnacks" */;
			compatibilityVersion = "Xcode 9.3";
			developmentRegion = en;
			hasScannedForEncodings = 0;
			knownRegions = (
				en,
				Base,
			);
			mainGroup = 78C61D462366EAB70005B5A7;
			productRefGroup = 78C61D502366EAB70005B5A7 /* Products */;
			projectDirPath = "";
			projectRoot = "";
			targets = (
				78C61D4E2366EAB70005B5A7 /* EkreaticeSnacks */,
				78C61D642366EAB80005B5A7 /* EkreaticeSnacksTests */,
			);
		};
/* End PBXProject section */

/* Begin PBXResourcesBuildPhase section */
		78C61D4D2366EAB70005B5A7 /* Resources */ = {
			isa = PBXResourcesBuildPhase;
			buildActionMask = 2147483647;
			files = (
				78C61D5F2366EAB80005B5A7 /* LaunchScreen.storyboard in Resources */,
				78A375F42366F78A00F45339 /* LoginViewController.storyboard in Resources */,
				78C61D5C2366EAB80005B5A7 /* Assets.xcassets in Resources */,
			);
			runOnlyForDeploymentPostprocessing = 0;
		};
		78C61D632366EAB80005B5A7 /* Resources */ = {
			isa = PBXResourcesBuildPhase;
			buildActionMask = 2147483647;
			files = (
			);
			runOnlyForDeploymentPostprocessing = 0;
		};
/* End PBXResourcesBuildPhase section */

/* Begin PBXShellScriptBuildPhase section */
		02FAFFF789BD06DDE451B75B /* [CP] Check Pods Manifest.lock */ = {
			isa = PBXShellScriptBuildPhase;
			buildActionMask = 2147483647;
			files = (
			);
			inputFileListPaths = (
			);
			inputPaths = (
				"${PODS_PODFILE_DIR_PATH}/Podfile.lock",
				"${PODS_ROOT}/Manifest.lock",
			);
			name = "[CP] Check Pods Manifest.lock";
			outputFileListPaths = (
			);
			outputPaths = (
				"$(DERIVED_FILE_DIR)/Pods-EkreaticeSnacks-checkManifestLockResult.txt",
			);
			runOnlyForDeploymentPostprocessing = 0;
			shellPath = /bin/sh;
			shellScript = "diff \"${PODS_PODFILE_DIR_PATH}/Podfile.lock\" \"${PODS_ROOT}/Manifest.lock\" > /dev/null\nif [ $? != 0 ] ; then\n    # print error to STDERR\n    echo \"error: The sandbox is not in sync with the Podfile.lock. Run 'pod install' or update your CocoaPods installation.\" >&2\n    exit 1\nfi\n# This output is used by Xcode 'outputs' to avoid re-running this script phase.\necho \"SUCCESS\" > \"${SCRIPT_OUTPUT_FILE_0}\"\n";
			showEnvVarsInLog = 0;
		};
		1E6D681106F06A8DE5FA982F /* [CP] Embed Pods Frameworks */ = {
			isa = PBXShellScriptBuildPhase;
			buildActionMask = 2147483647;
			files = (
			);
			inputFileListPaths = (
				"${PODS_ROOT}/Target Support Files/Pods-EkreaticeSnacks/Pods-EkreaticeSnacks-frameworks-${CONFIGURATION}-input-files.xcfilelist",
			);
			name = "[CP] Embed Pods Frameworks";
			outputFileListPaths = (
				"${PODS_ROOT}/Target Support Files/Pods-EkreaticeSnacks/Pods-EkreaticeSnacks-frameworks-${CONFIGURATION}-output-files.xcfilelist",
			);
			runOnlyForDeploymentPostprocessing = 0;
			shellPath = /bin/sh;
			shellScript = "\"${PODS_ROOT}/Target Support Files/Pods-EkreaticeSnacks/Pods-EkreaticeSnacks-frameworks.sh\"\n";
			showEnvVarsInLog = 0;
		};
		66B82FDBC7FA8A68B3736558 /* [CP] Check Pods Manifest.lock */ = {
			isa = PBXShellScriptBuildPhase;
			buildActionMask = 2147483647;
			files = (
			);
			inputFileListPaths = (
			);
			inputPaths = (
				"${PODS_PODFILE_DIR_PATH}/Podfile.lock",
				"${PODS_ROOT}/Manifest.lock",
			);
			name = "[CP] Check Pods Manifest.lock";
			outputFileListPaths = (
			);
			outputPaths = (
				"$(DERIVED_FILE_DIR)/Pods-EkreaticeSnacksTests-checkManifestLockResult.txt",
			);
			runOnlyForDeploymentPostprocessing = 0;
			shellPath = /bin/sh;
			shellScript = "diff \"${PODS_PODFILE_DIR_PATH}/Podfile.lock\" \"${PODS_ROOT}/Manifest.lock\" > /dev/null\nif [ $? != 0 ] ; then\n    # print error to STDERR\n    echo \"error: The sandbox is not in sync with the Podfile.lock. Run 'pod install' or update your CocoaPods installation.\" >&2\n    exit 1\nfi\n# This output is used by Xcode 'outputs' to avoid re-running this script phase.\necho \"SUCCESS\" > \"${SCRIPT_OUTPUT_FILE_0}\"\n";
			showEnvVarsInLog = 0;
		};
/* End PBXShellScriptBuildPhase section */

/* Begin PBXSourcesBuildPhase section */
		78C61D4B2366EAB70005B5A7 /* Sources */ = {
			isa = PBXSourcesBuildPhase;
			buildActionMask = 2147483647;
			files = (
				FA5D1B1323673E4C00BDA32E /* StoryboardLoadable+Extension.swift in Sources */,
				78A375ED2366F5B500F45339 /* LoginPresenter.swift in Sources */,
				78C61D772366EB340005B5A7 /* LoginViewController.swift in Sources */,
				78A375EF2366F5EF00F45339 /* LoginInteractor.swift in Sources */,
				78C61D532366EAB70005B5A7 /* AppDelegate.swift in Sources */,
				78A375FD23670BDA00F45339 /* Router.swift in Sources */,
				78C61D7F2366F34C0005B5A7 /* UserInterfaceAssembly.swift in Sources */,
				FA5D1B152367415300BDA32E /* ServiceAssembly.swift in Sources */,
				78C61D552366EAB70005B5A7 /* SceneDelegate.swift in Sources */,
				78A375F62366FB3E00F45339 /* LoginRouter.swift in Sources */,
				78C61D7D2366F21D0005B5A7 /* Injector.swift in Sources */,
			);
			runOnlyForDeploymentPostprocessing = 0;
		};
		78C61D612366EAB80005B5A7 /* Sources */ = {
			isa = PBXSourcesBuildPhase;
			buildActionMask = 2147483647;
			files = (
				78C61D6A2366EAB80005B5A7 /* EkreaticeSnacksTests.swift in Sources */,
			);
			runOnlyForDeploymentPostprocessing = 0;
		};
/* End PBXSourcesBuildPhase section */

/* Begin PBXTargetDependency section */
		78C61D672366EAB80005B5A7 /* PBXTargetDependency */ = {
			isa = PBXTargetDependency;
			target = 78C61D4E2366EAB70005B5A7 /* EkreaticeSnacks */;
			targetProxy = 78C61D662366EAB80005B5A7 /* PBXContainerItemProxy */;
		};
/* End PBXTargetDependency section */

/* Begin PBXVariantGroup section */
		78C61D5D2366EAB80005B5A7 /* LaunchScreen.storyboard */ = {
			isa = PBXVariantGroup;
			children = (
				78C61D5E2366EAB80005B5A7 /* Base */,
			);
			name = LaunchScreen.storyboard;
			sourceTree = "<group>";
		};
/* End PBXVariantGroup section */

/* Begin XCBuildConfiguration section */
		78C61D6C2366EAB80005B5A7 /* Debug */ = {
			isa = XCBuildConfiguration;
			buildSettings = {
				ALWAYS_SEARCH_USER_PATHS = NO;
				CLANG_ANALYZER_NONNULL = YES;
				CLANG_ANALYZER_NUMBER_OBJECT_CONVERSION = YES_AGGRESSIVE;
				CLANG_CXX_LANGUAGE_STANDARD = "gnu++14";
				CLANG_CXX_LIBRARY = "libc++";
				CLANG_ENABLE_MODULES = YES;
				CLANG_ENABLE_OBJC_ARC = YES;
				CLANG_ENABLE_OBJC_WEAK = YES;
				CLANG_WARN_BLOCK_CAPTURE_AUTORELEASING = YES;
				CLANG_WARN_BOOL_CONVERSION = YES;
				CLANG_WARN_COMMA = YES;
				CLANG_WARN_CONSTANT_CONVERSION = YES;
				CLANG_WARN_DEPRECATED_OBJC_IMPLEMENTATIONS = YES;
				CLANG_WARN_DIRECT_OBJC_ISA_USAGE = YES_ERROR;
				CLANG_WARN_DOCUMENTATION_COMMENTS = YES;
				CLANG_WARN_EMPTY_BODY = YES;
				CLANG_WARN_ENUM_CONVERSION = YES;
				CLANG_WARN_INFINITE_RECURSION = YES;
				CLANG_WARN_INT_CONVERSION = YES;
				CLANG_WARN_NON_LITERAL_NULL_CONVERSION = YES;
				CLANG_WARN_OBJC_IMPLICIT_RETAIN_SELF = YES;
				CLANG_WARN_OBJC_LITERAL_CONVERSION = YES;
				CLANG_WARN_OBJC_ROOT_CLASS = YES_ERROR;
				CLANG_WARN_RANGE_LOOP_ANALYSIS = YES;
				CLANG_WARN_STRICT_PROTOTYPES = YES;
				CLANG_WARN_SUSPICIOUS_MOVE = YES;
				CLANG_WARN_UNGUARDED_AVAILABILITY = YES_AGGRESSIVE;
				CLANG_WARN_UNREACHABLE_CODE = YES;
				CLANG_WARN__DUPLICATE_METHOD_MATCH = YES;
				COPY_PHASE_STRIP = NO;
				DEBUG_INFORMATION_FORMAT = dwarf;
				ENABLE_STRICT_OBJC_MSGSEND = YES;
				ENABLE_TESTABILITY = YES;
				GCC_C_LANGUAGE_STANDARD = gnu11;
				GCC_DYNAMIC_NO_PIC = NO;
				GCC_NO_COMMON_BLOCKS = YES;
				GCC_OPTIMIZATION_LEVEL = 0;
				GCC_PREPROCESSOR_DEFINITIONS = (
					"DEBUG=1",
					"$(inherited)",
				);
				GCC_WARN_64_TO_32_BIT_CONVERSION = YES;
				GCC_WARN_ABOUT_RETURN_TYPE = YES_ERROR;
				GCC_WARN_UNDECLARED_SELECTOR = YES;
				GCC_WARN_UNINITIALIZED_AUTOS = YES_AGGRESSIVE;
				GCC_WARN_UNUSED_FUNCTION = YES;
				GCC_WARN_UNUSED_VARIABLE = YES;
				IPHONEOS_DEPLOYMENT_TARGET = 13.0;
				MTL_ENABLE_DEBUG_INFO = INCLUDE_SOURCE;
				MTL_FAST_MATH = YES;
				ONLY_ACTIVE_ARCH = YES;
				SDKROOT = iphoneos;
				SWIFT_ACTIVE_COMPILATION_CONDITIONS = DEBUG;
				SWIFT_OPTIMIZATION_LEVEL = "-Onone";
			};
			name = Debug;
		};
		78C61D6D2366EAB80005B5A7 /* Release */ = {
			isa = XCBuildConfiguration;
			buildSettings = {
				ALWAYS_SEARCH_USER_PATHS = NO;
				CLANG_ANALYZER_NONNULL = YES;
				CLANG_ANALYZER_NUMBER_OBJECT_CONVERSION = YES_AGGRESSIVE;
				CLANG_CXX_LANGUAGE_STANDARD = "gnu++14";
				CLANG_CXX_LIBRARY = "libc++";
				CLANG_ENABLE_MODULES = YES;
				CLANG_ENABLE_OBJC_ARC = YES;
				CLANG_ENABLE_OBJC_WEAK = YES;
				CLANG_WARN_BLOCK_CAPTURE_AUTORELEASING = YES;
				CLANG_WARN_BOOL_CONVERSION = YES;
				CLANG_WARN_COMMA = YES;
				CLANG_WARN_CONSTANT_CONVERSION = YES;
				CLANG_WARN_DEPRECATED_OBJC_IMPLEMENTATIONS = YES;
				CLANG_WARN_DIRECT_OBJC_ISA_USAGE = YES_ERROR;
				CLANG_WARN_DOCUMENTATION_COMMENTS = YES;
				CLANG_WARN_EMPTY_BODY = YES;
				CLANG_WARN_ENUM_CONVERSION = YES;
				CLANG_WARN_INFINITE_RECURSION = YES;
				CLANG_WARN_INT_CONVERSION = YES;
				CLANG_WARN_NON_LITERAL_NULL_CONVERSION = YES;
				CLANG_WARN_OBJC_IMPLICIT_RETAIN_SELF = YES;
				CLANG_WARN_OBJC_LITERAL_CONVERSION = YES;
				CLANG_WARN_OBJC_ROOT_CLASS = YES_ERROR;
				CLANG_WARN_RANGE_LOOP_ANALYSIS = YES;
				CLANG_WARN_STRICT_PROTOTYPES = YES;
				CLANG_WARN_SUSPICIOUS_MOVE = YES;
				CLANG_WARN_UNGUARDED_AVAILABILITY = YES_AGGRESSIVE;
				CLANG_WARN_UNREACHABLE_CODE = YES;
				CLANG_WARN__DUPLICATE_METHOD_MATCH = YES;
				COPY_PHASE_STRIP = NO;
				DEBUG_INFORMATION_FORMAT = "dwarf-with-dsym";
				ENABLE_NS_ASSERTIONS = NO;
				ENABLE_STRICT_OBJC_MSGSEND = YES;
				GCC_C_LANGUAGE_STANDARD = gnu11;
				GCC_NO_COMMON_BLOCKS = YES;
				GCC_WARN_64_TO_32_BIT_CONVERSION = YES;
				GCC_WARN_ABOUT_RETURN_TYPE = YES_ERROR;
				GCC_WARN_UNDECLARED_SELECTOR = YES;
				GCC_WARN_UNINITIALIZED_AUTOS = YES_AGGRESSIVE;
				GCC_WARN_UNUSED_FUNCTION = YES;
				GCC_WARN_UNUSED_VARIABLE = YES;
				IPHONEOS_DEPLOYMENT_TARGET = 13.0;
				MTL_ENABLE_DEBUG_INFO = NO;
				MTL_FAST_MATH = YES;
				SDKROOT = iphoneos;
				SWIFT_COMPILATION_MODE = wholemodule;
				SWIFT_OPTIMIZATION_LEVEL = "-O";
				VALIDATE_PRODUCT = YES;
			};
			name = Release;
		};
		78C61D6F2366EAB80005B5A7 /* Debug */ = {
			isa = XCBuildConfiguration;
			baseConfigurationReference = E9B948C2859C32D7A415C4E8 /* Pods-EkreaticeSnacks.debug.xcconfig */;
			buildSettings = {
				ASSETCATALOG_COMPILER_APPICON_NAME = AppIcon;
				CODE_SIGN_STYLE = Automatic;
				DEVELOPMENT_TEAM = 9XF64VW82W;
				INFOPLIST_FILE = "EkreaticeSnacks/Supporting Files/Info.plist";
				LD_RUNPATH_SEARCH_PATHS = (
					"$(inherited)",
					"@executable_path/Frameworks",
				);
				PRODUCT_BUNDLE_IDENTIFIER = com.ekreative.EkreaticeSnacks;
				PRODUCT_NAME = "$(TARGET_NAME)";
				SWIFT_VERSION = 5.0;
				TARGETED_DEVICE_FAMILY = "1,2";
			};
			name = Debug;
		};
		78C61D702366EAB80005B5A7 /* Release */ = {
			isa = XCBuildConfiguration;
			baseConfigurationReference = 50A42A651F695FF58E4005BF /* Pods-EkreaticeSnacks.release.xcconfig */;
			buildSettings = {
				ASSETCATALOG_COMPILER_APPICON_NAME = AppIcon;
				CODE_SIGN_STYLE = Automatic;
				DEVELOPMENT_TEAM = 9XF64VW82W;
				INFOPLIST_FILE = "EkreaticeSnacks/Supporting Files/Info.plist";
				LD_RUNPATH_SEARCH_PATHS = (
					"$(inherited)",
					"@executable_path/Frameworks",
				);
				PRODUCT_BUNDLE_IDENTIFIER = com.ekreative.EkreaticeSnacks;
				PRODUCT_NAME = "$(TARGET_NAME)";
				SWIFT_VERSION = 5.0;
				TARGETED_DEVICE_FAMILY = "1,2";
			};
			name = Release;
		};
		78C61D722366EAB80005B5A7 /* Debug */ = {
			isa = XCBuildConfiguration;
			baseConfigurationReference = 353A062E0B0A15D2344100BF /* Pods-EkreaticeSnacksTests.debug.xcconfig */;
			buildSettings = {
				ALWAYS_EMBED_SWIFT_STANDARD_LIBRARIES = YES;
				BUNDLE_LOADER = "$(TEST_HOST)";
				CODE_SIGN_STYLE = Automatic;
				DEVELOPMENT_TEAM = 9XF64VW82W;
				INFOPLIST_FILE = EkreaticeSnacksTests/Info.plist;
				IPHONEOS_DEPLOYMENT_TARGET = 13.0;
				LD_RUNPATH_SEARCH_PATHS = (
					"$(inherited)",
					"@executable_path/Frameworks",
					"@loader_path/Frameworks",
				);
				PRODUCT_BUNDLE_IDENTIFIER = com.ekreative.EkreaticeSnacksTests;
				PRODUCT_NAME = "$(TARGET_NAME)";
				SWIFT_VERSION = 5.0;
				TARGETED_DEVICE_FAMILY = "1,2";
				TEST_HOST = "$(BUILT_PRODUCTS_DIR)/EkreaticeSnacks.app/EkreaticeSnacks";
			};
			name = Debug;
		};
		78C61D732366EAB80005B5A7 /* Release */ = {
			isa = XCBuildConfiguration;
			baseConfigurationReference = C7D406D3DB199FD88042A1E2 /* Pods-EkreaticeSnacksTests.release.xcconfig */;
			buildSettings = {
				ALWAYS_EMBED_SWIFT_STANDARD_LIBRARIES = YES;
				BUNDLE_LOADER = "$(TEST_HOST)";
				CODE_SIGN_STYLE = Automatic;
				DEVELOPMENT_TEAM = 9XF64VW82W;
				INFOPLIST_FILE = EkreaticeSnacksTests/Info.plist;
				IPHONEOS_DEPLOYMENT_TARGET = 13.0;
				LD_RUNPATH_SEARCH_PATHS = (
					"$(inherited)",
					"@executable_path/Frameworks",
					"@loader_path/Frameworks",
				);
				PRODUCT_BUNDLE_IDENTIFIER = com.ekreative.EkreaticeSnacksTests;
				PRODUCT_NAME = "$(TARGET_NAME)";
				SWIFT_VERSION = 5.0;
				TARGETED_DEVICE_FAMILY = "1,2";
				TEST_HOST = "$(BUILT_PRODUCTS_DIR)/EkreaticeSnacks.app/EkreaticeSnacks";
			};
			name = Release;
		};
/* End XCBuildConfiguration section */

/* Begin XCConfigurationList section */
		78C61D4A2366EAB70005B5A7 /* Build configuration list for PBXProject "EkreaticeSnacks" */ = {
			isa = XCConfigurationList;
			buildConfigurations = (
				78C61D6C2366EAB80005B5A7 /* Debug */,
				78C61D6D2366EAB80005B5A7 /* Release */,
			);
			defaultConfigurationIsVisible = 0;
			defaultConfigurationName = Release;
		};
		78C61D6E2366EAB80005B5A7 /* Build configuration list for PBXNativeTarget "EkreaticeSnacks" */ = {
			isa = XCConfigurationList;
			buildConfigurations = (
				78C61D6F2366EAB80005B5A7 /* Debug */,
				78C61D702366EAB80005B5A7 /* Release */,
			);
			defaultConfigurationIsVisible = 0;
			defaultConfigurationName = Release;
		};
		78C61D712366EAB80005B5A7 /* Build configuration list for PBXNativeTarget "EkreaticeSnacksTests" */ = {
			isa = XCConfigurationList;
			buildConfigurations = (
				78C61D722366EAB80005B5A7 /* Debug */,
				78C61D732366EAB80005B5A7 /* Release */,
			);
			defaultConfigurationIsVisible = 0;
			defaultConfigurationName = Release;
		};
/* End XCConfigurationList section */
	};
	rootObject = 78C61D472366EAB70005B5A7 /* Project object */;
}
